// !$*UTF8*$!
{
	archiveVersion = 1;
	classes = {
	};
	objectVersion = 56;
	objects = {

/* Begin PBXBuildFile section */
		8970B194296ECF66005F9E07 /* AppDelegate.swift in Sources */ = {isa = PBXBuildFile; fileRef = 8970B193296ECF66005F9E07 /* AppDelegate.swift */; };
		8970B196296ECF66005F9E07 /* SceneDelegate.swift in Sources */ = {isa = PBXBuildFile; fileRef = 8970B195296ECF66005F9E07 /* SceneDelegate.swift */; };
		8970B198296ECF66005F9E07 /* AnimationViewController.swift in Sources */ = {isa = PBXBuildFile; fileRef = 8970B197296ECF66005F9E07 /* AnimationViewController.swift */; };
		8970B19B296ECF66005F9E07 /* Main.storyboard in Resources */ = {isa = PBXBuildFile; fileRef = 8970B199296ECF66005F9E07 /* Main.storyboard */; };
		8970B19D296ECF66005F9E07 /* Assets.xcassets in Resources */ = {isa = PBXBuildFile; fileRef = 8970B19C296ECF66005F9E07 /* Assets.xcassets */; };
		8970B1A0296ECF66005F9E07 /* LaunchScreen.storyboard in Resources */ = {isa = PBXBuildFile; fileRef = 8970B19E296ECF66005F9E07 /* LaunchScreen.storyboard */; };
		8970B1A9296ED167005F9E07 /* SpringAnimation in Frameworks */ = {isa = PBXBuildFile; productRef = 8970B1A8296ED167005F9E07 /* SpringAnimation */; };
		8970B1AE296ED1EB005F9E07 /* DataStorage.swift in Sources */ = {isa = PBXBuildFile; fileRef = 8970B1AD296ED1EB005F9E07 /* DataStorage.swift */; };
		8970B1B1296ED268005F9E07 /* Animation.swift in Sources */ = {isa = PBXBuildFile; fileRef = 8970B1B0296ED268005F9E07 /* Animation.swift */; };
/* End PBXBuildFile section */

/* Begin PBXFileReference section */
		8970B190296ECF66005F9E07 /* AnimationAppSpring.app */ = {isa = PBXFileReference; explicitFileType = wrapper.application; includeInIndex = 0; path = AnimationAppSpring.app; sourceTree = BUILT_PRODUCTS_DIR; };
		8970B193296ECF66005F9E07 /* AppDelegate.swift */ = {isa = PBXFileReference; lastKnownFileType = sourcecode.swift; path = AppDelegate.swift; sourceTree = "<group>"; };
		8970B195296ECF66005F9E07 /* SceneDelegate.swift */ = {isa = PBXFileReference; lastKnownFileType = sourcecode.swift; path = SceneDelegate.swift; sourceTree = "<group>"; };
		8970B197296ECF66005F9E07 /* AnimationViewController.swift */ = {isa = PBXFileReference; lastKnownFileType = sourcecode.swift; path = AnimationViewController.swift; sourceTree = "<group>"; };
		8970B19A296ECF66005F9E07 /* Base */ = {isa = PBXFileReference; lastKnownFileType = file.storyboard; name = Base; path = Base.lproj/Main.storyboard; sourceTree = "<group>"; };
		8970B19C296ECF66005F9E07 /* Assets.xcassets */ = {isa = PBXFileReference; lastKnownFileType = folder.assetcatalog; path = Assets.xcassets; sourceTree = "<group>"; };
		8970B19F296ECF66005F9E07 /* Base */ = {isa = PBXFileReference; lastKnownFileType = file.storyboard; name = Base; path = Base.lproj/LaunchScreen.storyboard; sourceTree = "<group>"; };
		8970B1A1296ECF66005F9E07 /* Info.plist */ = {isa = PBXFileReference; lastKnownFileType = text.plist.xml; path = Info.plist; sourceTree = "<group>"; };
		8970B1AD296ED1EB005F9E07 /* DataStorage.swift */ = {isa = PBXFileReference; lastKnownFileType = sourcecode.swift; path = DataStorage.swift; sourceTree = "<group>"; };
		8970B1B0296ED268005F9E07 /* Animation.swift */ = {isa = PBXFileReference; lastKnownFileType = sourcecode.swift; path = Animation.swift; sourceTree = "<group>"; };
/* End PBXFileReference section */

/* Begin PBXFrameworksBuildPhase section */
		8970B18D296ECF66005F9E07 /* Frameworks */ = {
			isa = PBXFrameworksBuildPhase;
			buildActionMask = 2147483647;
			files = (
				8970B1A9296ED167005F9E07 /* SpringAnimation in Frameworks */,
			);
			runOnlyForDeploymentPostprocessing = 0;
		};
/* End PBXFrameworksBuildPhase section */

/* Begin PBXGroup section */
		8970B187296ECF66005F9E07 = {
			isa = PBXGroup;
			children = (
				8970B192296ECF66005F9E07 /* AnimationAppSpring */,
				8970B191296ECF66005F9E07 /* Products */,
			);
			sourceTree = "<group>";
		};
		8970B191296ECF66005F9E07 /* Products */ = {
			isa = PBXGroup;
			children = (
				8970B190296ECF66005F9E07 /* AnimationAppSpring.app */,
			);
			name = Products;
			sourceTree = "<group>";
		};
		8970B192296ECF66005F9E07 /* AnimationAppSpring */ = {
			isa = PBXGroup;
			children = (
				8970B1AA296ED1A1005F9E07 /* App */,
				8970B1B2296ED26F005F9E07 /* Models */,
				8970B1AF296ED1EF005F9E07 /* Services */,
				8970B1AB296ED1B4005F9E07 /* ViewControllers */,
				8970B1AC296ED1C8005F9E07 /* Storyboards */,
				8970B19C296ECF66005F9E07 /* Assets.xcassets */,
				8970B1A1296ECF66005F9E07 /* Info.plist */,
			);
			path = AnimationAppSpring;
			sourceTree = "<group>";
		};
		8970B1AA296ED1A1005F9E07 /* App */ = {
			isa = PBXGroup;
			children = (
				8970B193296ECF66005F9E07 /* AppDelegate.swift */,
				8970B195296ECF66005F9E07 /* SceneDelegate.swift */,
			);
			path = App;
			sourceTree = "<group>";
		};
		8970B1AB296ED1B4005F9E07 /* ViewControllers */ = {
			isa = PBXGroup;
			children = (
				8970B197296ECF66005F9E07 /* AnimationViewController.swift */,
			);
			path = ViewControllers;
			sourceTree = "<group>";
		};
		8970B1AC296ED1C8005F9E07 /* Storyboards */ = {
			isa = PBXGroup;
			children = (
				8970B199296ECF66005F9E07 /* Main.storyboard */,
				8970B19E296ECF66005F9E07 /* LaunchScreen.storyboard */,
			);
			path = Storyboards;
			sourceTree = "<group>";
		};
		8970B1AF296ED1EF005F9E07 /* Services */ = {
			isa = PBXGroup;
			children = (
				8970B1AD296ED1EB005F9E07 /* DataStorage.swift */,
			);
			path = Services;
			sourceTree = "<group>";
		};
		8970B1B2296ED26F005F9E07 /* Models */ = {
			isa = PBXGroup;
			children = (
				8970B1B0296ED268005F9E07 /* Animation.swift */,
			);
			path = Models;
			sourceTree = "<group>";
		};
/* End PBXGroup section */

/* Begin PBXNativeTarget section */
		8970B18F296ECF66005F9E07 /* AnimationAppSpring */ = {
			isa = PBXNativeTarget;
			buildConfigurationList = 8970B1A4296ECF66005F9E07 /* Build configuration list for PBXNativeTarget "AnimationAppSpring" */;
			buildPhases = (
				8970B18C296ECF66005F9E07 /* Sources */,
				8970B18D296ECF66005F9E07 /* Frameworks */,
				8970B18E296ECF66005F9E07 /* Resources */,
			);
			buildRules = (
			);
			dependencies = (
			);
			name = AnimationAppSpring;
			packageProductDependencies = (
				8970B1A8296ED167005F9E07 /* SpringAnimation */,
			);
			productName = AnimationAppSpring;
			productReference = 8970B190296ECF66005F9E07 /* AnimationAppSpring.app */;
			productType = "com.apple.product-type.application";
		};
/* End PBXNativeTarget section */

/* Begin PBXProject section */
		8970B188296ECF66005F9E07 /* Project object */ = {
			isa = PBXProject;
			attributes = {
				BuildIndependentTargetsInParallel = 1;
				LastSwiftUpdateCheck = 1400;
				LastUpgradeCheck = 1400;
				TargetAttributes = {
					8970B18F296ECF66005F9E07 = {
						CreatedOnToolsVersion = 14.0.1;
					};
				};
			};
			buildConfigurationList = 8970B18B296ECF66005F9E07 /* Build configuration list for PBXProject "AnimationAppSpring" */;
			compatibilityVersion = "Xcode 14.0";
			developmentRegion = en;
			hasScannedForEncodings = 0;
			knownRegions = (
				en,
				Base,
			);
			mainGroup = 8970B187296ECF66005F9E07;
			packageReferences = (
				8970B1A7296ED167005F9E07 /* XCRemoteSwiftPackageReference "SpringAnimation" */,
			);
			productRefGroup = 8970B191296ECF66005F9E07 /* Products */;
			projectDirPath = "";
			projectRoot = "";
			targets = (
				8970B18F296ECF66005F9E07 /* AnimationAppSpring */,
			);
		};
/* End PBXProject section */

/* Begin PBXResourcesBuildPhase section */
		8970B18E296ECF66005F9E07 /* Resources */ = {
			isa = PBXResourcesBuildPhase;
			buildActionMask = 2147483647;
			files = (
				8970B1A0296ECF66005F9E07 /* LaunchScreen.storyboard in Resources */,
				8970B19D296ECF66005F9E07 /* Assets.xcassets in Resources */,
				8970B19B296ECF66005F9E07 /* Main.storyboard in Resources */,
			);
			runOnlyForDeploymentPostprocessing = 0;
		};
/* End PBXResourcesBuildPhase section */

/* Begin PBXSourcesBuildPhase section */
		8970B18C296ECF66005F9E07 /* Sources */ = {
			isa = PBXSourcesBuildPhase;
			buildActionMask = 2147483647;
			files = (
				8970B198296ECF66005F9E07 /* AnimationViewController.swift in Sources */,
				8970B194296ECF66005F9E07 /* AppDelegate.swift in Sources */,
				8970B196296ECF66005F9E07 /* SceneDelegate.swift in Sources */,
				8970B1B1296ED268005F9E07 /* Animation.swift in Sources */,
				8970B1AE296ED1EB005F9E07 /* DataStorage.swift in Sources */,
			);
			runOnlyForDeploymentPostprocessing = 0;
		};
/* End PBXSourcesBuildPhase section */

/* Begin PBXVariantGroup section */
		8970B199296ECF66005F9E07 /* Main.storyboard */ = {
			isa = PBXVariantGroup;
			children = (
				8970B19A296ECF66005F9E07 /* Base */,
			);
			name = Main.storyboard;
			sourceTree = "<group>";
		};
		8970B19E296ECF66005F9E07 /* LaunchScreen.storyboard */ = {
			isa = PBXVariantGroup;
			children = (
				8970B19F296ECF66005F9E07 /* Base */,
			);
			name = LaunchScreen.storyboard;
			sourceTree = "<group>";
		};
/* End PBXVariantGroup section */

/* Begin XCBuildConfiguration section */
		8970B1A2296ECF66005F9E07 /* Debug */ = {
			isa = XCBuildConfiguration;
			buildSettings = {
				ALWAYS_SEARCH_USER_PATHS = NO;
				CLANG_ANALYZER_NONNULL = YES;
				CLANG_ANALYZER_NUMBER_OBJECT_CONVERSION = YES_AGGRESSIVE;
				CLANG_CXX_LANGUAGE_STANDARD = "gnu++20";
				CLANG_ENABLE_MODULES = YES;
				CLANG_ENABLE_OBJC_ARC = YES;
				CLANG_ENABLE_OBJC_WEAK = YES;
				CLANG_WARN_BLOCK_CAPTURE_AUTORELEASING = YES;
				CLANG_WARN_BOOL_CONVERSION = YES;
				CLANG_WARN_COMMA = YES;
				CLANG_WARN_CONSTANT_CONVERSION = YES;
				CLANG_WARN_DEPRECATED_OBJC_IMPLEMENTATIONS = YES;
				CLANG_WARN_DIRECT_OBJC_ISA_USAGE = YES_ERROR;
				CLANG_WARN_DOCUMENTATION_COMMENTS = YES;
				CLANG_WARN_EMPTY_BODY = YES;
				CLANG_WARN_ENUM_CONVERSION = YES;
				CLANG_WARN_INFINITE_RECURSION = YES;
				CLANG_WARN_INT_CONVERSION = YES;
				CLANG_WARN_NON_LITERAL_NULL_CONVERSION = YES;
				CLANG_WARN_OBJC_IMPLICIT_RETAIN_SELF = YES;
				CLANG_WARN_OBJC_LITERAL_CONVERSION = YES;
				CLANG_WARN_OBJC_ROOT_CLASS = YES_ERROR;
				CLANG_WARN_QUOTED_INCLUDE_IN_FRAMEWORK_HEADER = YES;
				CLANG_WARN_RANGE_LOOP_ANALYSIS = YES;
				CLANG_WARN_STRICT_PROTOTYPES = YES;
				CLANG_WARN_SUSPICIOUS_MOVE = YES;
				CLANG_WARN_UNGUARDED_AVAILABILITY = YES_AGGRESSIVE;
				CLANG_WARN_UNREACHABLE_CODE = YES;
				CLANG_WARN__DUPLICATE_METHOD_MATCH = YES;
				COPY_PHASE_STRIP = NO;
				DEBUG_INFORMATION_FORMAT = dwarf;
				ENABLE_STRICT_OBJC_MSGSEND = YES;
				ENABLE_TESTABILITY = YES;
				GCC_C_LANGUAGE_STANDARD = gnu11;
				GCC_DYNAMIC_NO_PIC = NO;
				GCC_NO_COMMON_BLOCKS = YES;
				GCC_OPTIMIZATION_LEVEL = 0;
				GCC_PREPROCESSOR_DEFINITIONS = (
					"DEBUG=1",
					"$(inherited)",
				);
				GCC_WARN_64_TO_32_BIT_CONVERSION = YES;
				GCC_WARN_ABOUT_RETURN_TYPE = YES_ERROR;
				GCC_WARN_UNDECLARED_SELECTOR = YES;
				GCC_WARN_UNINITIALIZED_AUTOS = YES_AGGRESSIVE;
				GCC_WARN_UNUSED_FUNCTION = YES;
				GCC_WARN_UNUSED_VARIABLE = YES;
				IPHONEOS_DEPLOYMENT_TARGET = 16.0;
				MTL_ENABLE_DEBUG_INFO = INCLUDE_SOURCE;
				MTL_FAST_MATH = YES;
				ONLY_ACTIVE_ARCH = YES;
				SDKROOT = iphoneos;
				SWIFT_ACTIVE_COMPILATION_CONDITIONS = DEBUG;
				SWIFT_OPTIMIZATION_LEVEL = "-Onone";
			};
			name = Debug;
		};
		8970B1A3296ECF66005F9E07 /* Release */ = {
			isa = XCBuildConfiguration;
			buildSettings = {
				ALWAYS_SEARCH_USER_PATHS = NO;
				CLANG_ANALYZER_NONNULL = YES;
				CLANG_ANALYZER_NUMBER_OBJECT_CONVERSION = YES_AGGRESSIVE;
				CLANG_CXX_LANGUAGE_STANDARD = "gnu++20";
				CLANG_ENABLE_MODULES = YES;
				CLANG_ENABLE_OBJC_ARC = YES;
				CLANG_ENABLE_OBJC_WEAK = YES;
				CLANG_WARN_BLOCK_CAPTURE_AUTORELEASING = YES;
				CLANG_WARN_BOOL_CONVERSION = YES;
				CLANG_WARN_COMMA = YES;
				CLANG_WARN_CONSTANT_CONVERSION = YES;
				CLANG_WARN_DEPRECATED_OBJC_IMPLEMENTATIONS = YES;
				CLANG_WARN_DIRECT_OBJC_ISA_USAGE = YES_ERROR;
				CLANG_WARN_DOCUMENTATION_COMMENTS = YES;
				CLANG_WARN_EMPTY_BODY = YES;
				CLANG_WARN_ENUM_CONVERSION = YES;
				CLANG_WARN_INFINITE_RECURSION = YES;
				CLANG_WARN_INT_CONVERSION = YES;
				CLANG_WARN_NON_LITERAL_NULL_CONVERSION = YES;
				CLANG_WARN_OBJC_IMPLICIT_RETAIN_SELF = YES;
				CLANG_WARN_OBJC_LITERAL_CONVERSION = YES;
				CLANG_WARN_OBJC_ROOT_CLASS = YES_ERROR;
				CLANG_WARN_QUOTED_INCLUDE_IN_FRAMEWORK_HEADER = YES;
				CLANG_WARN_RANGE_LOOP_ANALYSIS = YES;
				CLANG_WARN_STRICT_PROTOTYPES = YES;
				CLANG_WARN_SUSPICIOUS_MOVE = YES;
				CLANG_WARN_UNGUARDED_AVAILABILITY = YES_AGGRESSIVE;
				CLANG_WARN_UNREACHABLE_CODE = YES;
				CLANG_WARN__DUPLICATE_METHOD_MATCH = YES;
				COPY_PHASE_STRIP = NO;
				DEBUG_INFORMATION_FORMAT = "dwarf-with-dsym";
				ENABLE_NS_ASSERTIONS = NO;
				ENABLE_STRICT_OBJC_MSGSEND = YES;
				GCC_C_LANGUAGE_STANDARD = gnu11;
				GCC_NO_COMMON_BLOCKS = YES;
				GCC_WARN_64_TO_32_BIT_CONVERSION = YES;
				GCC_WARN_ABOUT_RETURN_TYPE = YES_ERROR;
				GCC_WARN_UNDECLARED_SELECTOR = YES;
				GCC_WARN_UNINITIALIZED_AUTOS = YES_AGGRESSIVE;
				GCC_WARN_UNUSED_FUNCTION = YES;
				GCC_WARN_UNUSED_VARIABLE = YES;
				IPHONEOS_DEPLOYMENT_TARGET = 16.0;
				MTL_ENABLE_DEBUG_INFO = NO;
				MTL_FAST_MATH = YES;
				SDKROOT = iphoneos;
				SWIFT_COMPILATION_MODE = wholemodule;
				SWIFT_OPTIMIZATION_LEVEL = "-O";
				VALIDATE_PRODUCT = YES;
			};
			name = Release;
		};
		8970B1A5296ECF66005F9E07 /* Debug */ = {
			isa = XCBuildConfiguration;
			buildSettings = {
				ASSETCATALOG_COMPILER_APPICON_NAME = AppIcon;
				ASSETCATALOG_COMPILER_GLOBAL_ACCENT_COLOR_NAME = AccentColor;
				CODE_SIGN_STYLE = Automatic;
				CURRENT_PROJECT_VERSION = 1;
				DEVELOPMENT_TEAM = Q3MFB2HYJJ;
				GENERATE_INFOPLIST_FILE = YES;
				INFOPLIST_FILE = AnimationAppSpring/Info.plist;
				INFOPLIST_KEY_UIApplicationSupportsIndirectInputEvents = YES;
				INFOPLIST_KEY_UILaunchStoryboardName = LaunchScreen;
				INFOPLIST_KEY_UIMainStoryboardFile = Main;
				INFOPLIST_KEY_UISupportedInterfaceOrientations = UIInterfaceOrientationPortrait;
				INFOPLIST_KEY_UISupportedInterfaceOrientations_iPad = "UIInterfaceOrientationLandscapeLeft UIInterfaceOrientationLandscapeRight UIInterfaceOrientationPortrait UIInterfaceOrientationPortraitUpsideDown";
				LD_RUNPATH_SEARCH_PATHS = (
					"$(inherited)",
					"@executable_path/Frameworks",
				);
				MARKETING_VERSION = 1.0;
				PRODUCT_BUNDLE_IDENTIFIER = grizzlyq.AnimationAppSpring;
				PRODUCT_NAME = "$(TARGET_NAME)";
				SUPPORTED_PLATFORMS = "iphoneos iphonesimulator";
				SUPPORTS_MACCATALYST = NO;
				SUPPORTS_MAC_DESIGNED_FOR_IPHONE_IPAD = NO;
				SWIFT_EMIT_LOC_STRINGS = YES;
				SWIFT_VERSION = 5.0;
				TARGETED_DEVICE_FAMILY = 1;
			};
			name = Debug;
		};
		8970B1A6296ECF66005F9E07 /* Release */ = {
			isa = XCBuildConfiguration;
			buildSettings = {
				ASSETCATALOG_COMPILER_APPICON_NAME = AppIcon;
				ASSETCATALOG_COMPILER_GLOBAL_ACCENT_COLOR_NAME = AccentColor;
				CODE_SIGN_STYLE = Automatic;
				CURRENT_PROJECT_VERSION = 1;
				DEVELOPMENT_TEAM = Q3MFB2HYJJ;
				GENERATE_INFOPLIST_FILE = YES;
				INFOPLIST_FILE = AnimationAppSpring/Info.plist;
				INFOPLIST_KEY_UIApplicationSupportsIndirectInputEvents = YES;
				INFOPLIST_KEY_UILaunchStoryboardName = LaunchScreen;
				INFOPLIST_KEY_UIMainStoryboardFile = Main;
				INFOPLIST_KEY_UISupportedInterfaceOrientations = UIInterfaceOrientationPortrait;
				INFOPLIST_KEY_UISupportedInterfaceOrientations_iPad = "UIInterfaceOrientationLandscapeLeft UIInterfaceOrientationLandscapeRight UIInterfaceOrientationPortrait UIInterfaceOrientationPortraitUpsideDown";
				LD_RUNPATH_SEARCH_PATHS = (
					"$(inherited)",
					"@executable_path/Frameworks",
				);
				MARKETING_VERSION = 1.0;
				PRODUCT_BUNDLE_IDENTIFIER = grizzlyq.AnimationAppSpring;
				PRODUCT_NAME = "$(TARGET_NAME)";
				SUPPORTED_PLATFORMS = "iphoneos iphonesimulator";
				SUPPORTS_MACCATALYST = NO;
				SUPPORTS_MAC_DESIGNED_FOR_IPHONE_IPAD = NO;
				SWIFT_EMIT_LOC_STRINGS = YES;
				SWIFT_VERSION = 5.0;
				TARGETED_DEVICE_FAMILY = 1;
			};
			name = Release;
		};
/* End XCBuildConfiguration section */

/* Begin XCConfigurationList section */
		8970B18B296ECF66005F9E07 /* Build configuration list for PBXProject "AnimationAppSpring" */ = {
			isa = XCConfigurationList;
			buildConfigurations = (
				8970B1A2296ECF66005F9E07 /* Debug */,
				8970B1A3296ECF66005F9E07 /* Release */,
			);
			defaultConfigurationIsVisible = 0;
			defaultConfigurationName = Release;
		};
		8970B1A4296ECF66005F9E07 /* Build configuration list for PBXNativeTarget "AnimationAppSpring" */ = {
			isa = XCConfigurationList;
			buildConfigurations = (
				8970B1A5296ECF66005F9E07 /* Debug */,
				8970B1A6296ECF66005F9E07 /* Release */,
			);
			defaultConfigurationIsVisible = 0;
			defaultConfigurationName = Release;
		};
/* End XCConfigurationList section */

/* Begin XCRemoteSwiftPackageReference section */
		8970B1A7296ED167005F9E07 /* XCRemoteSwiftPackageReference "SpringAnimation" */ = {
			isa = XCRemoteSwiftPackageReference;
			repositoryURL = "https://github.com/LexDeBash/SpringAnimation";
			requirement = {
				kind = upToNextMinorVersion;
				minimumVersion = 0.3.0;
			};
		};
/* End XCRemoteSwiftPackageReference section */

/* Begin XCSwiftPackageProductDependency section */
		8970B1A8296ED167005F9E07 /* SpringAnimation */ = {
			isa = XCSwiftPackageProductDependency;
			package = 8970B1A7296ED167005F9E07 /* XCRemoteSwiftPackageReference "SpringAnimation" */;
			productName = SpringAnimation;
		};
/* End XCSwiftPackageProductDependency section */
	};
	rootObject = 8970B188296ECF66005F9E07 /* Project object */;
}
